# THIS IS AN AUTOGENERATED FILE. DO NOT EDIT THIS FILE DIRECTLY.
# yarn lockfile v1


"@types/bcryptjs@^2.4.2":
  "integrity" "sha512-LiMQ6EOPob/4yUL66SZzu6Yh77cbzJFYll+ZfaPiPPFswtIlA/Fs1MzdKYA7JApHU49zQTbJGX3PDmCpIdDBRQ=="
  "resolved" "https://registry.npmjs.org/@types/bcryptjs/-/bcryptjs-2.4.2.tgz"
  "version" "2.4.2"
