# THIS IS AN AUTOGENERATED FILE. DO NOT EDIT THIS FILE DIRECTLY.
# yarn lockfile v1


"@types/bcryptjs@^2.4.6":
  version "2.4.6"
  resolved "https://registry.yarnpkg.com/@types/bcryptjs/-/bcryptjs-2.4.6.tgz#2b92e3c2121c66eba3901e64faf8bb922ec291fa"
  integrity sha512-9xlo6R2qDs5uixm0bcIqCeMCE6HiQsIyel9KQySStiyqNl2tnj2mP3DX1Nf56MD6KMenNNlBBsy3LJ7gUEQPXQ==
